{
    "name": "admin",
    "lockfileVersion": 2,
    "requires": true,
    "packages": {
        "": {
            "devDependencies": {
                "bootstrap": "^4.3.1",
                "bootstrap-notify": "^3.1.3",
                "datatables.net": "^1.10.19",
                "datatables.net-bs": "^1.10.19",
                "font-awesome": "^4.7.0",
                "jquery": "^3.4.1",
                "jquery-ui": "^1.12.1",
                "jquery-ui-touch-punch": "^0.2.3",
                "jquery.scrollbar": "^0.2.11",
                "lodash": "^4.17.15",
                "nprogress": "^0.2.0",
                "popper.js": "^1.15.0",
                "select2": "^4.0.12",
                "sortablejs": "^1.10.2",
                "sweetalert": "^2.1.2",
                "sweetalert2": "^11.4.20",
                "tinymce": "^5.10.2"
            }
        },
        "node_modules/bootstrap": {
            "version": "4.6.2",
            "resolved": "https://registry.npmjs.org/bootstrap/-/bootstrap-4.6.2.tgz",
            "integrity": "sha512-51Bbp/Uxr9aTuy6ca/8FbFloBUJZLHwnhTcnjIeRn2suQWsWzcuJhGjKDB5eppVte/8oCdOL3VuwxvZDUggwGQ==",
            "dev": true,
            "funding": [
                {
                    "type": "github",
                    "url": "https://github.com/sponsors/twbs"
                },
                {
                    "type": "opencollective",
                    "url": "https://opencollective.com/bootstrap"
                }
            ],
            "peerDependencies": {
                "jquery": "1.9.1 - 3",
                "popper.js": "^1.16.1"
            }
        },
        "node_modules/bootstrap-notify": {
            "version": "3.1.3",
            "resolved": "https://registry.npmjs.org/bootstrap-notify/-/bootstrap-notify-3.1.3.tgz",
            "integrity": "sha512-cnTactFVG8aHri03+RmuZ5sl9VcA+jTTM/mTdEOQN+R1V9u4YBu8Ca+Pf6NGeVfieGv0Z6CxK8FzlWg59omzyg==",
            "dev": true
        },
        "node_modules/datatables.net": {
            "version": "1.12.1",
            "resolved": "https://registry.npmjs.org/datatables.net/-/datatables.net-1.12.1.tgz",
            "integrity": "sha512-e6XAMUoV41JdQPS/r9YRfRcmTPcCVvyZbWI+xog1Zg+kjVliMQbEkvWK5XFItmi64Cvwg+IqsZbTUJ1KSY3umA==",
            "dev": true,
            "dependencies": {
                "jquery": ">=1.7"
            }
        },
        "node_modules/datatables.net-bs": {
            "version": "1.12.1",
            "resolved": "https://registry.npmjs.org/datatables.net-bs/-/datatables.net-bs-1.12.1.tgz",
            "integrity": "sha512-oaX1mNhjnASo33mwv6QzgGxD3pAz69qAL+8YlCro3e7oMvszE6wJyprEt80vl8E/TiMp/UUvsaqsup1JZFfMBQ==",
            "dev": true,
            "dependencies": {
                "datatables.net": ">=1.11.3",
                "jquery": ">=1.7"
            }
        },
        "node_modules/es6-object-assign": {
            "version": "1.1.0",
            "resolved": "https://registry.npmjs.org/es6-object-assign/-/es6-object-assign-1.1.0.tgz",
            "integrity": "sha512-MEl9uirslVwqQU369iHNWZXsI8yaZYGg/D65aOgZkeyFJwHYSxilf7rQzXKI7DdDuBPrBXbfk3sl9hJhmd5AUw==",
            "dev": true
        },
        "node_modules/font-awesome": {
            "version": "4.7.0",
            "resolved": "https://registry.npmjs.org/font-awesome/-/font-awesome-4.7.0.tgz",
            "integrity": "sha512-U6kGnykA/6bFmg1M/oT9EkFeIYv7JlX3bozwQJWiiLz6L0w3F5vBVPxHlwyX/vtNq1ckcpRKOB9f2Qal/VtFpg==",
            "dev": true,
            "engines": {
                "node": ">=0.10.3"
            }
        },
        "node_modules/jquery": {
            "version": "3.6.0",
            "resolved": "https://registry.npmjs.org/jquery/-/jquery-3.6.0.tgz",
            "integrity": "sha512-JVzAR/AjBvVt2BmYhxRCSYysDsPcssdmTFnzyLEts9qNwmjmu4JTAMYubEfwVOSwpQ1I1sKKFcxhZCI2buerfw==",
            "dev": true
        },
        "node_modules/jquery-ui": {
            "version": "1.13.2",
            "resolved": "https://registry.npmjs.org/jquery-ui/-/jquery-ui-1.13.2.tgz",
            "integrity": "sha512-wBZPnqWs5GaYJmo1Jj0k/mrSkzdQzKDwhXNtHKcBdAcKVxMM3KNYFq+iJ2i1rwiG53Z8M4mTn3Qxrm17uH1D4Q==",
            "dev": true,
            "dependencies": {
                "jquery": ">=1.8.0 <4.0.0"
            }
        },
        "node_modules/jquery-ui-touch-punch": {
            "version": "0.2.3",
            "resolved": "https://registry.npmjs.org/jquery-ui-touch-punch/-/jquery-ui-touch-punch-0.2.3.tgz",
            "integrity": "sha512-Q/7aAd+SjbV0SspHO7Kuk96NJIbLwJAS0lD81U1PKcU2T5ZKayXMORH+Y5qvYLuy41xqVQbWimsRKDn1v3oI2Q==",
            "dev": true
        },
        "node_modules/jquery.scrollbar": {
            "version": "0.2.11",
            "resolved": "https://registry.npmjs.org/jquery.scrollbar/-/jquery.scrollbar-0.2.11.tgz",
            "integrity": "sha512-EpnIzDbbCcy4WAmnw4YK0oUOiApzK2UeccU4QCTmKKiaVGNhmroJtTzo2x1JhBcT6FebDDS90TheaHXLkZM/Xg==",
            "dev": true
        },
        "node_modules/lodash": {
            "version": "4.17.21",
            "resolved": "https://registry.npmjs.org/lodash/-/lodash-4.17.21.tgz",
            "integrity": "sha512-v2kDEe57lecTulaDIuNTPy3Ry4gLGJ6Z1O3vE1krgXZNrsQ+LFTGHVxVjcXPs17LhbZVGedAJv8XZ1tvj5FvSg==",
            "dev": true
        },
        "node_modules/nprogress": {
            "version": "0.2.0",
            "resolved": "https://registry.npmjs.org/nprogress/-/nprogress-0.2.0.tgz",
            "integrity": "sha512-I19aIingLgR1fmhftnbWWO3dXc0hSxqHQHQb3H8m+K3TnEn/iSeTZZOyvKXWqQESMwuUVnatlCnZdLBZZt2VSA==",
            "dev": true
        },
        "node_modules/popper.js": {
            "version": "1.16.1",
            "resolved": "https://registry.npmjs.org/popper.js/-/popper.js-1.16.1.tgz",
            "integrity": "sha512-Wb4p1J4zyFTbM+u6WuO4XstYx4Ky9Cewe4DWrel7B0w6VVICvPwdOpotjzcf6eD8TsckVnIMNONQyPIUFOUbCQ==",
            "deprecated": "You can find the new Popper v2 at @popperjs/core, this package is dedicated to the legacy v1",
            "dev": true,
            "funding": {
                "type": "opencollective",
                "url": "https://opencollective.com/popperjs"
            }
        },
        "node_modules/promise-polyfill": {
            "version": "6.1.0",
            "resolved": "https://registry.npmjs.org/promise-polyfill/-/promise-polyfill-6.1.0.tgz",
            "integrity": "sha512-g0LWaH0gFsxovsU7R5LrrhHhWAWiHRnh1GPrhXnPgYsDkIqjRYUYSZEsej/wtleDrz5xVSIDbeKfidztp2XHFQ==",
            "dev": true
        },
        "node_modules/select2": {
            "version": "4.0.13",
            "resolved": "https://registry.npmjs.org/select2/-/select2-4.0.13.tgz",
            "integrity": "sha512-1JeB87s6oN/TDxQQYCvS5EFoQyvV6eYMZZ0AeA4tdFDYWN3BAGZ8npr17UBFddU0lgAt3H0yjX3X6/ekOj1yjw==",
            "dev": true
        },
        "node_modules/sortablejs": {
            "version": "1.15.0",
            "resolved": "https://registry.npmjs.org/sortablejs/-/sortablejs-1.15.0.tgz",
            "integrity": "sha512-bv9qgVMjUMf89wAvM6AxVvS/4MX3sPeN0+agqShejLU5z5GX4C75ow1O2e5k4L6XItUyAK3gH6AxSbXrOM5e8w==",
            "dev": true
        },
        "node_modules/sweetalert": {
            "version": "2.1.2",
            "resolved": "https://registry.npmjs.org/sweetalert/-/sweetalert-2.1.2.tgz",
            "integrity": "sha512-iWx7X4anRBNDa/a+AdTmvAzQtkN1+s4j/JJRWlHpYE8Qimkohs8/XnFcWeYHH2lMA8LRCa5tj2d244If3S/hzA==",
            "dev": true,
            "dependencies": {
                "es6-object-assign": "^1.1.0",
                "promise-polyfill": "^6.0.2"
            }
        },
        "node_modules/sweetalert2": {
            "version": "11.4.24",
            "resolved": "https://registry.npmjs.org/sweetalert2/-/sweetalert2-11.4.24.tgz",
            "integrity": "sha512-wbD3SbaOhWyebVfnrY9rMjjVf7ZKUHjmn5Ch83NWUg84b/SYn0N4F0Dhxq3QYSAbnAQ7ArovQb2JfxZi5+Ieug==",
            "dev": true,
            "funding": {
                "type": "individual",
                "url": "https://sweetalert2.github.io/#donations"
            }
        },
        "node_modules/tinymce": {
            "version": "5.10.5",
            "resolved": "https://registry.npmjs.org/tinymce/-/tinymce-5.10.5.tgz",
            "integrity": "sha512-nFKtLhmoRtExBxUfv06JlkbQWux5D+d115vxSRAqUmccZdrtpFvOIYwZmikvulLdM9pfEpvO0B+RQ2qFV/+R7w==",
            "dev": true
        }
    },
    "dependencies": {
        "bootstrap": {
            "version": "4.6.2",
            "resolved": "https://registry.npmjs.org/bootstrap/-/bootstrap-4.6.2.tgz",
            "integrity": "sha512-51Bbp/Uxr9aTuy6ca/8FbFloBUJZLHwnhTcnjIeRn2suQWsWzcuJhGjKDB5eppVte/8oCdOL3VuwxvZDUggwGQ==",
            "dev": true,
            "requires": {}
        },
        "bootstrap-notify": {
            "version": "3.1.3",
            "resolved": "https://registry.npmjs.org/bootstrap-notify/-/bootstrap-notify-3.1.3.tgz",
            "integrity": "sha512-cnTactFVG8aHri03+RmuZ5sl9VcA+jTTM/mTdEOQN+R1V9u4YBu8Ca+Pf6NGeVfieGv0Z6CxK8FzlWg59omzyg==",
            "dev": true
        },
        "datatables.net": {
            "version": "1.12.1",
            "resolved": "https://registry.npmjs.org/datatables.net/-/datatables.net-1.12.1.tgz",
            "integrity": "sha512-e6XAMUoV41JdQPS/r9YRfRcmTPcCVvyZbWI+xog1Zg+kjVliMQbEkvWK5XFItmi64Cvwg+IqsZbTUJ1KSY3umA==",
            "dev": true,
            "requires": {
                "jquery": ">=1.7"
            }
        },
        "datatables.net-bs": {
            "version": "1.12.1",
            "resolved": "https://registry.npmjs.org/datatables.net-bs/-/datatables.net-bs-1.12.1.tgz",
            "integrity": "sha512-oaX1mNhjnASo33mwv6QzgGxD3pAz69qAL+8YlCro3e7oMvszE6wJyprEt80vl8E/TiMp/UUvsaqsup1JZFfMBQ==",
            "dev": true,
            "requires": {
                "datatables.net": ">=1.11.3",
                "jquery": ">=1.7"
            }
        },
        "es6-object-assign": {
            "version": "1.1.0",
            "resolved": "https://registry.npmjs.org/es6-object-assign/-/es6-object-assign-1.1.0.tgz",
            "integrity": "sha512-MEl9uirslVwqQU369iHNWZXsI8yaZYGg/D65aOgZkeyFJwHYSxilf7rQzXKI7DdDuBPrBXbfk3sl9hJhmd5AUw==",
            "dev": true
        },
        "font-awesome": {
            "version": "4.7.0",
            "resolved": "https://registry.npmjs.org/font-awesome/-/font-awesome-4.7.0.tgz",
            "integrity": "sha512-U6kGnykA/6bFmg1M/oT9EkFeIYv7JlX3bozwQJWiiLz6L0w3F5vBVPxHlwyX/vtNq1ckcpRKOB9f2Qal/VtFpg==",
            "dev": true
        },
        "jquery": {
            "version": "3.6.0",
            "resolved": "https://registry.npmjs.org/jquery/-/jquery-3.6.0.tgz",
            "integrity": "sha512-JVzAR/AjBvVt2BmYhxRCSYysDsPcssdmTFnzyLEts9qNwmjmu4JTAMYubEfwVOSwpQ1I1sKKFcxhZCI2buerfw==",
            "dev": true
        },
        "jquery-ui": {
            "version": "1.13.2",
            "resolved": "https://registry.npmjs.org/jquery-ui/-/jquery-ui-1.13.2.tgz",
            "integrity": "sha512-wBZPnqWs5GaYJmo1Jj0k/mrSkzdQzKDwhXNtHKcBdAcKVxMM3KNYFq+iJ2i1rwiG53Z8M4mTn3Qxrm17uH1D4Q==",
            "dev": true,
            "requires": {
                "jquery": ">=1.8.0 <4.0.0"
            }
        },
        "jquery-ui-touch-punch": {
            "version": "0.2.3",
            "resolved": "https://registry.npmjs.org/jquery-ui-touch-punch/-/jquery-ui-touch-punch-0.2.3.tgz",
            "integrity": "sha512-Q/7aAd+SjbV0SspHO7Kuk96NJIbLwJAS0lD81U1PKcU2T5ZKayXMORH+Y5qvYLuy41xqVQbWimsRKDn1v3oI2Q==",
            "dev": true
        },
        "jquery.scrollbar": {
            "version": "0.2.11",
            "resolved": "https://registry.npmjs.org/jquery.scrollbar/-/jquery.scrollbar-0.2.11.tgz",
            "integrity": "sha512-EpnIzDbbCcy4WAmnw4YK0oUOiApzK2UeccU4QCTmKKiaVGNhmroJtTzo2x1JhBcT6FebDDS90TheaHXLkZM/Xg==",
            "dev": true
        },
        "lodash": {
            "version": "4.17.21",
            "resolved": "https://registry.npmjs.org/lodash/-/lodash-4.17.21.tgz",
            "integrity": "sha512-v2kDEe57lecTulaDIuNTPy3Ry4gLGJ6Z1O3vE1krgXZNrsQ+LFTGHVxVjcXPs17LhbZVGedAJv8XZ1tvj5FvSg==",
            "dev": true
        },
        "nprogress": {
            "version": "0.2.0",
            "resolved": "https://registry.npmjs.org/nprogress/-/nprogress-0.2.0.tgz",
            "integrity": "sha512-I19aIingLgR1fmhftnbWWO3dXc0hSxqHQHQb3H8m+K3TnEn/iSeTZZOyvKXWqQESMwuUVnatlCnZdLBZZt2VSA==",
            "dev": true
        },
        "popper.js": {
            "version": "1.16.1",
            "resolved": "https://registry.npmjs.org/popper.js/-/popper.js-1.16.1.tgz",
            "integrity": "sha512-Wb4p1J4zyFTbM+u6WuO4XstYx4Ky9Cewe4DWrel7B0w6VVICvPwdOpotjzcf6eD8TsckVnIMNONQyPIUFOUbCQ==",
            "dev": true
        },
        "promise-polyfill": {
            "version": "6.1.0",
            "resolved": "https://registry.npmjs.org/promise-polyfill/-/promise-polyfill-6.1.0.tgz",
            "integrity": "sha512-g0LWaH0gFsxovsU7R5LrrhHhWAWiHRnh1GPrhXnPgYsDkIqjRYUYSZEsej/wtleDrz5xVSIDbeKfidztp2XHFQ==",
            "dev": true
        },
        "select2": {
            "version": "4.0.13",
            "resolved": "https://registry.npmjs.org/select2/-/select2-4.0.13.tgz",
            "integrity": "sha512-1JeB87s6oN/TDxQQYCvS5EFoQyvV6eYMZZ0AeA4tdFDYWN3BAGZ8npr17UBFddU0lgAt3H0yjX3X6/ekOj1yjw==",
            "dev": true
        },
        "sortablejs": {
            "version": "1.15.0",
            "resolved": "https://registry.npmjs.org/sortablejs/-/sortablejs-1.15.0.tgz",
            "integrity": "sha512-bv9qgVMjUMf89wAvM6AxVvS/4MX3sPeN0+agqShejLU5z5GX4C75ow1O2e5k4L6XItUyAK3gH6AxSbXrOM5e8w==",
            "dev": true
        },
        "sweetalert": {
            "version": "2.1.2",
            "resolved": "https://registry.npmjs.org/sweetalert/-/sweetalert-2.1.2.tgz",
            "integrity": "sha512-iWx7X4anRBNDa/a+AdTmvAzQtkN1+s4j/JJRWlHpYE8Qimkohs8/XnFcWeYHH2lMA8LRCa5tj2d244If3S/hzA==",
            "dev": true,
            "requires": {
                "es6-object-assign": "^1.1.0",
                "promise-polyfill": "^6.0.2"
            }
        },
        "sweetalert2": {
            "version": "11.4.24",
            "resolved": "https://registry.npmjs.org/sweetalert2/-/sweetalert2-11.4.24.tgz",
            "integrity": "sha512-wbD3SbaOhWyebVfnrY9rMjjVf7ZKUHjmn5Ch83NWUg84b/SYn0N4F0Dhxq3QYSAbnAQ7ArovQb2JfxZi5+Ieug==",
            "dev": true
        },
        "tinymce": {
            "version": "5.10.5",
            "resolved": "https://registry.npmjs.org/tinymce/-/tinymce-5.10.5.tgz",
            "integrity": "sha512-nFKtLhmoRtExBxUfv06JlkbQWux5D+d115vxSRAqUmccZdrtpFvOIYwZmikvulLdM9pfEpvO0B+RQ2qFV/+R7w==",
            "dev": true
        }
    }
}
